{
  "name": "_prisma",
  "version": "1.0.0",
  "lockfileVersion": 2,
  "requires": true,
  "packages": {
    "": {
      "name": "_prisma",
      "version": "1.0.0",
      "dependencies": {
        "@prisma/client": "^4.14.1"
      },
      "devDependencies": {
        "prisma": "4.14.1"
      },
      "engines": {
        "node": ">=14"
      }
    },
    "node_modules/@prisma/client": {
      "version": "4.14.1",
      "resolved": "https://registry.npmjs.org/@prisma/client/-/client-4.14.1.tgz",
      "integrity": "sha512-TZIswkeX1ccsHG/eN2kICzg/csXll0osK3EHu1QKd8VJ3XLcXozbNELKkCNfsCUvKJAwPdDtFCzF+O+raIVldw==",
      "hasInstallScript": true,
      "dependencies": {
        "@prisma/engines-version": "4.14.0-67.d9a4c5988f480fa576d43970d5a23641aa77bc9c"
      },
      "engines": {
        "node": ">=14.17"
      },
      "peerDependencies": {
        "prisma": "*"
      },
      "peerDependenciesMeta": {
        "prisma": {
          "optional": true
        }
      }
    },
    "node_modules/@prisma/engines": {
      "version": "4.14.1",
      "resolved": "https://registry.npmjs.org/@prisma/engines/-/engines-4.14.1.tgz",
      "integrity": "sha512-APqFddPVHYmWNKqc+5J5SqrLFfOghKOLZxobmguDUacxOwdEutLsbXPVhNnpFDmuQWQFbXmrTTPoRrrF6B1MWA==",
      "devOptional": true,
      "hasInstallScript": true
    },
    "node_modules/@prisma/engines-version": {
      "version": "4.14.0-67.d9a4c5988f480fa576d43970d5a23641aa77bc9c",
      "resolved": "https://registry.npmjs.org/@prisma/engines-version/-/engines-version-4.14.0-67.d9a4c5988f480fa576d43970d5a23641aa77bc9c.tgz",
      "integrity": "sha512-3jum8/YSudeSN0zGW5qkpz+wAN2V/NYCQ+BPjvHYDfWatLWlQkqy99toX0GysDeaUoBIJg1vaz2yKqiA3CFcQw=="
    },
    "node_modules/prisma": {
      "version": "4.14.1",
      "resolved": "https://registry.npmjs.org/prisma/-/prisma-4.14.1.tgz",
      "integrity": "sha512-z6hxzTMYqT9SIKlzD08dhzsLUpxjFKKsLpp5/kBDnSqiOjtUyyl/dC5tzxLcOa3jkEHQ8+RpB/fE3w8bgNP51g==",
      "devOptional": true,
      "hasInstallScript": true,
      "dependencies": {
        "@prisma/engines": "4.14.1"
      },
      "bin": {
        "prisma": "build/index.js",
        "prisma2": "build/index.js"
      },
      "engines": {
        "node": ">=14.17"
      }
    }
  },
  "dependencies": {
    "@prisma/client": {
      "version": "4.14.1",
      "resolved": "https://registry.npmjs.org/@prisma/client/-/client-4.14.1.tgz",
      "integrity": "sha512-TZIswkeX1ccsHG/eN2kICzg/csXll0osK3EHu1QKd8VJ3XLcXozbNELKkCNfsCUvKJAwPdDtFCzF+O+raIVldw==",
      "requires": {
        "@prisma/engines-version": "4.14.0-67.d9a4c5988f480fa576d43970d5a23641aa77bc9c"
      }
    },
    "@prisma/engines": {
      "version": "4.14.1",
      "resolved": "https://registry.npmjs.org/@prisma/engines/-/engines-4.14.1.tgz",
      "integrity": "sha512-APqFddPVHYmWNKqc+5J5SqrLFfOghKOLZxobmguDUacxOwdEutLsbXPVhNnpFDmuQWQFbXmrTTPoRrrF6B1MWA==",
      "devOptional": true
    },
    "@prisma/engines-version": {
      "version": "4.14.0-67.d9a4c5988f480fa576d43970d5a23641aa77bc9c",
      "resolved": "https://registry.npmjs.org/@prisma/engines-version/-/engines-version-4.14.0-67.d9a4c5988f480fa576d43970d5a23641aa77bc9c.tgz",
      "integrity": "sha512-3jum8/YSudeSN0zGW5qkpz+wAN2V/NYCQ+BPjvHYDfWatLWlQkqy99toX0GysDeaUoBIJg1vaz2yKqiA3CFcQw=="
    },
    "prisma": {
      "version": "4.14.1",
      "resolved": "https://registry.npmjs.org/prisma/-/prisma-4.14.1.tgz",
      "integrity": "sha512-z6hxzTMYqT9SIKlzD08dhzsLUpxjFKKsLpp5/kBDnSqiOjtUyyl/dC5tzxLcOa3jkEHQ8+RpB/fE3w8bgNP51g==",
      "devOptional": true,
      "requires": {
        "@prisma/engines": "4.14.1"
      }
    }
  }
}
