{
  "name": "_prisma",
  "version": "1.0.0",
  "lockfileVersion": 2,
  "requires": true,
  "packages": {
    "": {
      "version": "1.0.0",
      "dependencies": {
        "@prisma/client": "^2.23.0"
      },
      "devDependencies": {
        "prisma": "2.23.0"
      },
      "engines": {
        "node": ">=14"
      }
    },
    "node_modules/@prisma/client": {
      "version": "2.23.0",
      "resolved": "https://registry.npmjs.org/@prisma/client/-/client-2.23.0.tgz",
      "integrity": "sha512-xsHdo3+wIH0hJVGfKHYTEKtifStjKH0b5t8t7hV32Fypq6+3uxhAi3F25yxuI4XSHXg21nb7Ha82lNwU/0TERA==",
      "hasInstallScript": true,
      "dependencies": {
        "@prisma/engines-version": "2.23.0-36.adf5e8cba3daf12d456d911d72b6e9418681b28b"
      },
      "engines": {
        "node": ">=10.16"
      },
      "peerDependencies": {
        "prisma": "*"
      },
      "peerDependenciesMeta": {
        "prisma": {
          "optional": true
        }
      }
    },
    "node_modules/@prisma/engines": {
      "version": "2.23.0-36.adf5e8cba3daf12d456d911d72b6e9418681b28b",
      "resolved": "https://registry.npmjs.org/@prisma/engines/-/engines-2.23.0-36.adf5e8cba3daf12d456d911d72b6e9418681b28b.tgz",
      "integrity": "sha512-Tgk3kggO5B9IT6mimJAw6HSxbFoDAuDKL3sHHSS41EnQm76j/nf4uhGZFPzOQwZWOLeT5ZLO2khr4/FCA9Nkhw==",
      "devOptional": true,
      "hasInstallScript": true
    },
    "node_modules/@prisma/engines-version": {
      "version": "2.23.0-36.adf5e8cba3daf12d456d911d72b6e9418681b28b",
      "resolved": "https://registry.npmjs.org/@prisma/engines-version/-/engines-version-2.23.0-36.adf5e8cba3daf12d456d911d72b6e9418681b28b.tgz",
      "integrity": "sha512-VNgnOe+oPQKmy3HOtWi/Q1fvcKZUQkf1OfTD1pzrLBx9tJPejyxt1Mq54L+OOAuYvfrua6bmfojFVLh7uXuWVw=="
    },
    "node_modules/prisma": {
      "version": "2.23.0",
      "resolved": "https://registry.npmjs.org/prisma/-/prisma-2.23.0.tgz",
      "integrity": "sha512-3c/lmDy8nsPcEsfCufvCTJUEuwmAcTPbeGg9fL1qjlvS314duLUA/k2nm3n1rq4ImKqzeC5uaKfvI2IoAfwrJA==",
      "devOptional": true,
      "hasInstallScript": true,
      "dependencies": {
        "@prisma/engines": "2.23.0-36.adf5e8cba3daf12d456d911d72b6e9418681b28b"
      },
      "bin": {
        "prisma": "build/index.js",
        "prisma2": "build/index.js"
      },
      "engines": {
        "node": ">=10.4"
      }
    }
  },
  "dependencies": {
    "@prisma/client": {
      "version": "2.23.0",
      "resolved": "https://registry.npmjs.org/@prisma/client/-/client-2.23.0.tgz",
      "integrity": "sha512-xsHdo3+wIH0hJVGfKHYTEKtifStjKH0b5t8t7hV32Fypq6+3uxhAi3F25yxuI4XSHXg21nb7Ha82lNwU/0TERA==",
      "requires": {
        "@prisma/engines-version": "2.23.0-36.adf5e8cba3daf12d456d911d72b6e9418681b28b"
      }
    },
    "@prisma/engines": {
      "version": "2.23.0-36.adf5e8cba3daf12d456d911d72b6e9418681b28b",
      "resolved": "https://registry.npmjs.org/@prisma/engines/-/engines-2.23.0-36.adf5e8cba3daf12d456d911d72b6e9418681b28b.tgz",
      "integrity": "sha512-Tgk3kggO5B9IT6mimJAw6HSxbFoDAuDKL3sHHSS41EnQm76j/nf4uhGZFPzOQwZWOLeT5ZLO2khr4/FCA9Nkhw==",
      "devOptional": true
    },
    "@prisma/engines-version": {
      "version": "2.23.0-36.adf5e8cba3daf12d456d911d72b6e9418681b28b",
      "resolved": "https://registry.npmjs.org/@prisma/engines-version/-/engines-version-2.23.0-36.adf5e8cba3daf12d456d911d72b6e9418681b28b.tgz",
      "integrity": "sha512-VNgnOe+oPQKmy3HOtWi/Q1fvcKZUQkf1OfTD1pzrLBx9tJPejyxt1Mq54L+OOAuYvfrua6bmfojFVLh7uXuWVw=="
    },
    "prisma": {
      "version": "2.23.0",
      "resolved": "https://registry.npmjs.org/prisma/-/prisma-2.23.0.tgz",
      "integrity": "sha512-3c/lmDy8nsPcEsfCufvCTJUEuwmAcTPbeGg9fL1qjlvS314duLUA/k2nm3n1rq4ImKqzeC5uaKfvI2IoAfwrJA==",
      "devOptional": true,
      "requires": {
        "@prisma/engines": "2.23.0-36.adf5e8cba3daf12d456d911d72b6e9418681b28b"
      }
    }
  }
}
