{
  "name": "_prisma",
  "version": "1.0.0",
  "lockfileVersion": 2,
  "requires": true,
  "packages": {
    "": {
      "name": "_prisma",
      "version": "1.0.0",
      "dependencies": {
        "@prisma/client": "^3.6.0"
      },
      "devDependencies": {
        "prisma": "3.6.0"
      },
      "engines": {
        "node": ">=14"
      }
    },
    "node_modules/@prisma/client": {
      "version": "3.6.0",
      "resolved": "https://registry.npmjs.org/@prisma/client/-/client-3.6.0.tgz",
      "integrity": "sha512-ycSGY9EZGROtje0iCNsgC5Zqi/ttX2sO7BNMYaLsUMiTlf3F69ZPH+08pRo0hrDfkZzyimXYqeXJlaoYDH1w7A==",
      "hasInstallScript": true,
      "dependencies": {
        "@prisma/engines-version": "3.6.0-24.dc520b92b1ebb2d28dc3161f9f82e875bd35d727"
      },
      "engines": {
        "node": ">=12.6"
      },
      "peerDependencies": {
        "prisma": "*"
      },
      "peerDependenciesMeta": {
        "prisma": {
          "optional": true
        }
      }
    },
    "node_modules/@prisma/engines": {
      "version": "3.6.0-24.dc520b92b1ebb2d28dc3161f9f82e875bd35d727",
      "resolved": "https://registry.npmjs.org/@prisma/engines/-/engines-3.6.0-24.dc520b92b1ebb2d28dc3161f9f82e875bd35d727.tgz",
      "integrity": "sha512-dRClHS7DsTVchDKzeG72OaEyeDskCv91pnZ72Fftn0mp4BkUvX2LvWup65hCNzwwQm5IDd6A88APldKDnMiEMA==",
      "devOptional": true,
      "hasInstallScript": true
    },
    "node_modules/@prisma/engines-version": {
      "version": "3.6.0-24.dc520b92b1ebb2d28dc3161f9f82e875bd35d727",
      "resolved": "https://registry.npmjs.org/@prisma/engines-version/-/engines-version-3.6.0-24.dc520b92b1ebb2d28dc3161f9f82e875bd35d727.tgz",
      "integrity": "sha512-vtoO2ys6mSfc8ONTWdcYztKN3GBU1tcKBj0aXObyjzSuGwHFcM/pEA0xF+n1W4/0TAJgfoPX2khNEit6g0jtNA=="
    },
    "node_modules/prisma": {
      "version": "3.6.0",
      "resolved": "https://registry.npmjs.org/prisma/-/prisma-3.6.0.tgz",
      "integrity": "sha512-6SqgHS/5Rq6HtHjsWsTxlj+ySamGyCLBUQfotc2lStOjPv52IQuDVpp58GieNqc9VnfuFyHUvTZw7aQB+G2fvQ==",
      "devOptional": true,
      "hasInstallScript": true,
      "dependencies": {
        "@prisma/engines": "3.6.0-24.dc520b92b1ebb2d28dc3161f9f82e875bd35d727"
      },
      "bin": {
        "prisma": "build/index.js",
        "prisma2": "build/index.js"
      },
      "engines": {
        "node": ">=12.6"
      }
    }
  },
  "dependencies": {
    "@prisma/client": {
      "version": "3.6.0",
      "resolved": "https://registry.npmjs.org/@prisma/client/-/client-3.6.0.tgz",
      "integrity": "sha512-ycSGY9EZGROtje0iCNsgC5Zqi/ttX2sO7BNMYaLsUMiTlf3F69ZPH+08pRo0hrDfkZzyimXYqeXJlaoYDH1w7A==",
      "requires": {
        "@prisma/engines-version": "3.6.0-24.dc520b92b1ebb2d28dc3161f9f82e875bd35d727"
      }
    },
    "@prisma/engines": {
      "version": "3.6.0-24.dc520b92b1ebb2d28dc3161f9f82e875bd35d727",
      "resolved": "https://registry.npmjs.org/@prisma/engines/-/engines-3.6.0-24.dc520b92b1ebb2d28dc3161f9f82e875bd35d727.tgz",
      "integrity": "sha512-dRClHS7DsTVchDKzeG72OaEyeDskCv91pnZ72Fftn0mp4BkUvX2LvWup65hCNzwwQm5IDd6A88APldKDnMiEMA==",
      "devOptional": true
    },
    "@prisma/engines-version": {
      "version": "3.6.0-24.dc520b92b1ebb2d28dc3161f9f82e875bd35d727",
      "resolved": "https://registry.npmjs.org/@prisma/engines-version/-/engines-version-3.6.0-24.dc520b92b1ebb2d28dc3161f9f82e875bd35d727.tgz",
      "integrity": "sha512-vtoO2ys6mSfc8ONTWdcYztKN3GBU1tcKBj0aXObyjzSuGwHFcM/pEA0xF+n1W4/0TAJgfoPX2khNEit6g0jtNA=="
    },
    "prisma": {
      "version": "3.6.0",
      "resolved": "https://registry.npmjs.org/prisma/-/prisma-3.6.0.tgz",
      "integrity": "sha512-6SqgHS/5Rq6HtHjsWsTxlj+ySamGyCLBUQfotc2lStOjPv52IQuDVpp58GieNqc9VnfuFyHUvTZw7aQB+G2fvQ==",
      "devOptional": true,
      "requires": {
        "@prisma/engines": "3.6.0-24.dc520b92b1ebb2d28dc3161f9f82e875bd35d727"
      }
    }
  }
}
