{
  "name": "_edgedb_js",
  "version": "1.0.0",
  "lockfileVersion": 2,
  "requires": true,
  "packages": {
    "": {
      "name": "_edgedb_js",
      "version": "1.0.0",
      "license": "UNLICENSED",
      "dependencies": {
        "edgedb": "^0.18.0-alpha.5"
      },
      "engines": {
        "node": ">=14"
      }
    },
    "node_modules/edgedb": {
      "version": "0.18.0-alpha.5",
      "resolved": "https://registry.npmjs.org/edgedb/-/edgedb-0.18.0-alpha.5.tgz",
      "integrity": "sha512-1jokYWBdwsDnexhxOELJYEiR6y3rny2AIJ3chJsZolvJfa/a0bS4uYNc2g0lt5QbomFiK3bADyLqrQUgtePV6w==",
      "bin": {
        "edgedb-generate": "dist/reflection/cli.js"
      },
      "engines": {
        "node": ">= 10.0.0"
      }
    }
  },
  "dependencies": {
    "edgedb": {
      "version": "0.18.0-alpha.5",
      "resolved": "https://registry.npmjs.org/edgedb/-/edgedb-0.18.0-alpha.5.tgz",
      "integrity": "sha512-1jokYWBdwsDnexhxOELJYEiR6y3rny2AIJ3chJsZolvJfa/a0bS4uYNc2g0lt5QbomFiK3bADyLqrQUgtePV6w=="
    }
  }
}
