{
  "name": "_edgedb_js",
  "version": "1.0.0",
  "lockfileVersion": 1,
  "requires": true,
  "dependencies": {
    "edgedb": {
      "version": "0.14.0",
      "resolved": "https://registry.npmjs.org/edgedb/-/edgedb-0.14.0.tgz",
      "integrity": "sha512-9x12iFF5T4m23WGwgPvK5Xul6jEDmBy0uSAq40gmEU3oiqhWNoUeqjbF0XOcitnuQAAm7qS1GDw9nKVBtwIOIw=="
    }
  }
}
